
Microsoft Visual Studio Solution File, Format Version 12.00
Project("{FAE04EC0-301F-11D3-BF4B-00C04F79EFBC}") = "Циклы_Массивы_Коллекции", "Циклы_Массивы_Коллекции\Циклы_Массивы_Коллекции.csproj", "{AEF3E50E-935C-4B3A-A03B-E9F9DA856AD1}"
EndProject
Project("{FAE04EC0-301F-11D3-BF4B-00C04F79EFBC}") = "ООП", "ООП\ООП.csproj", "{FC67D666-2FFB-454B-869D-C487FCA55341}"
EndProject
Project("{FAE04EC0-301F-11D3-BF4B-00C04F79EFBC}") = "Инкапсуляция", "Инкапсуляция\Инкапсуляция.csproj", "{710C43E4-E1C6-419C-97A3-BE1929A1FC8D}"
EndProject
Project("{FAE04EC0-301F-11D3-BF4B-00C04F79EFBC}") = "Абстрактные классы", "Абстрактные классы\Абстрактные классы.csproj", "{B0E8F586-6C80-4973-9EDE-01A64101AB66}"
EndProject
Project("{FAE04EC0-301F-11D3-BF4B-00C04F79EFBC}") = "Интерфейсы", "Интерфейсы\Интерфейсы.csproj", "{01EBA742-D61A-4D38-B7D8-6DD8479C0497}"
EndProject
Project("{FAE04EC0-301F-11D3-BF4B-00C04F79EFBC}") = "Перегрузка_Обобщение", "Перегрузка_Обобщение\Перегрузка_Обобщение.csproj", "{EAA5B99C-EFB4-4C9F-956F-04CADBB4377B}"
EndProject
Project("{FAE04EC0-301F-11D3-BF4B-00C04F79EFBC}") = "CP4. ООП ref out etc", "CP4. ООП ref out etc\CP4. ООП ref out etc.csproj", "{8D374859-9821-46DC-BE90-1A7A36BC0D82}"
EndProject
Project("{FAE04EC0-301F-11D3-BF4B-00C04F79EFBC}") = "Отладка", "Отладка\Отладка.csproj", "{59774091-7B30-49C6-AA8F-AADE29FA7F9C}"
EndProject
Project("{FAE04EC0-301F-11D3-BF4B-00C04F79EFBC}") = "5 Исключения", "5 Исключения\5 Исключения.csproj", "{BA1DDFFB-D895-4353-9706-393C5A46A0C0}"
EndProject
Project("{FAE04EC0-301F-11D3-BF4B-00C04F79EFBC}") = "Linq", "Linq\Linq.csproj", "{A3936C82-3C47-4680-9E07-59D1DCCB3C12}"
EndProject
Project("{FAE04EC0-301F-11D3-BF4B-00C04F79EFBC}") = "Создание и использование делегатов", "Создание и использование делегатов\Создание и использование делегатов.csproj", "{2A57CE3F-930A-45DE-98F9-3AE5CC51C3B8}"
EndProject
Project("{FAE04EC0-301F-11D3-BF4B-00C04F79EFBC}") = "Работа с событиями", "Работа с событиями\Работа с событиями.csproj", "{ACCD0389-98A0-4CF6-952C-DB74981B87DD}"
EndProject
Project("{FAE04EC0-301F-11D3-BF4B-00C04F79EFBC}") = "Асинхронное программирование", " Асинхронное программирование\Асинхронное программирование.csproj", "{52C69C66-83A3-4751-8071-5415BD3B0940}"
EndProject
Global
	GlobalSection(SolutionConfigurationPlatforms) = preSolution
		Debug|Any CPU = Debug|Any CPU
		Release|Any CPU = Release|Any CPU
	EndGlobalSection
	GlobalSection(ProjectConfigurationPlatforms) = postSolution
		{AEF3E50E-935C-4B3A-A03B-E9F9DA856AD1}.Debug|Any CPU.ActiveCfg = Debug|Any CPU
		{AEF3E50E-935C-4B3A-A03B-E9F9DA856AD1}.Debug|Any CPU.Build.0 = Debug|Any CPU
		{AEF3E50E-935C-4B3A-A03B-E9F9DA856AD1}.Release|Any CPU.ActiveCfg = Release|Any CPU
		{AEF3E50E-935C-4B3A-A03B-E9F9DA856AD1}.Release|Any CPU.Build.0 = Release|Any CPU
		{FC67D666-2FFB-454B-869D-C487FCA55341}.Debug|Any CPU.ActiveCfg = Debug|Any CPU
		{FC67D666-2FFB-454B-869D-C487FCA55341}.Debug|Any CPU.Build.0 = Debug|Any CPU
		{FC67D666-2FFB-454B-869D-C487FCA55341}.Release|Any CPU.ActiveCfg = Release|Any CPU
		{FC67D666-2FFB-454B-869D-C487FCA55341}.Release|Any CPU.Build.0 = Release|Any CPU
		{710C43E4-E1C6-419C-97A3-BE1929A1FC8D}.Debug|Any CPU.ActiveCfg = Debug|Any CPU
		{710C43E4-E1C6-419C-97A3-BE1929A1FC8D}.Debug|Any CPU.Build.0 = Debug|Any CPU
		{710C43E4-E1C6-419C-97A3-BE1929A1FC8D}.Release|Any CPU.ActiveCfg = Release|Any CPU
		{710C43E4-E1C6-419C-97A3-BE1929A1FC8D}.Release|Any CPU.Build.0 = Release|Any CPU
		{B0E8F586-6C80-4973-9EDE-01A64101AB66}.Debug|Any CPU.ActiveCfg = Debug|Any CPU
		{B0E8F586-6C80-4973-9EDE-01A64101AB66}.Debug|Any CPU.Build.0 = Debug|Any CPU
		{B0E8F586-6C80-4973-9EDE-01A64101AB66}.Release|Any CPU.ActiveCfg = Release|Any CPU
		{B0E8F586-6C80-4973-9EDE-01A64101AB66}.Release|Any CPU.Build.0 = Release|Any CPU
		{01EBA742-D61A-4D38-B7D8-6DD8479C0497}.Debug|Any CPU.ActiveCfg = Debug|Any CPU
		{01EBA742-D61A-4D38-B7D8-6DD8479C0497}.Debug|Any CPU.Build.0 = Debug|Any CPU
		{01EBA742-D61A-4D38-B7D8-6DD8479C0497}.Release|Any CPU.ActiveCfg = Release|Any CPU
		{01EBA742-D61A-4D38-B7D8-6DD8479C0497}.Release|Any CPU.Build.0 = Release|Any CPU
		{EAA5B99C-EFB4-4C9F-956F-04CADBB4377B}.Debug|Any CPU.ActiveCfg = Debug|Any CPU
		{EAA5B99C-EFB4-4C9F-956F-04CADBB4377B}.Debug|Any CPU.Build.0 = Debug|Any CPU
		{EAA5B99C-EFB4-4C9F-956F-04CADBB4377B}.Release|Any CPU.ActiveCfg = Release|Any CPU
		{EAA5B99C-EFB4-4C9F-956F-04CADBB4377B}.Release|Any CPU.Build.0 = Release|Any CPU
		{8D374859-9821-46DC-BE90-1A7A36BC0D82}.Debug|Any CPU.ActiveCfg = Debug|Any CPU
		{8D374859-9821-46DC-BE90-1A7A36BC0D82}.Debug|Any CPU.Build.0 = Debug|Any CPU
		{8D374859-9821-46DC-BE90-1A7A36BC0D82}.Release|Any CPU.ActiveCfg = Release|Any CPU
		{8D374859-9821-46DC-BE90-1A7A36BC0D82}.Release|Any CPU.Build.0 = Release|Any CPU
		{59774091-7B30-49C6-AA8F-AADE29FA7F9C}.Debug|Any CPU.ActiveCfg = Debug|Any CPU
		{59774091-7B30-49C6-AA8F-AADE29FA7F9C}.Debug|Any CPU.Build.0 = Debug|Any CPU
		{59774091-7B30-49C6-AA8F-AADE29FA7F9C}.Release|Any CPU.ActiveCfg = Release|Any CPU
		{59774091-7B30-49C6-AA8F-AADE29FA7F9C}.Release|Any CPU.Build.0 = Release|Any CPU
		{BA1DDFFB-D895-4353-9706-393C5A46A0C0}.Debug|Any CPU.ActiveCfg = Debug|Any CPU
		{BA1DDFFB-D895-4353-9706-393C5A46A0C0}.Debug|Any CPU.Build.0 = Debug|Any CPU
		{BA1DDFFB-D895-4353-9706-393C5A46A0C0}.Release|Any CPU.ActiveCfg = Release|Any CPU
		{BA1DDFFB-D895-4353-9706-393C5A46A0C0}.Release|Any CPU.Build.0 = Release|Any CPU
		{A3936C82-3C47-4680-9E07-59D1DCCB3C12}.Debug|Any CPU.ActiveCfg = Debug|Any CPU
		{A3936C82-3C47-4680-9E07-59D1DCCB3C12}.Debug|Any CPU.Build.0 = Debug|Any CPU
		{A3936C82-3C47-4680-9E07-59D1DCCB3C12}.Release|Any CPU.ActiveCfg = Release|Any CPU
		{A3936C82-3C47-4680-9E07-59D1DCCB3C12}.Release|Any CPU.Build.0 = Release|Any CPU
		{2A57CE3F-930A-45DE-98F9-3AE5CC51C3B8}.Debug|Any CPU.ActiveCfg = Debug|Any CPU
		{2A57CE3F-930A-45DE-98F9-3AE5CC51C3B8}.Debug|Any CPU.Build.0 = Debug|Any CPU
		{2A57CE3F-930A-45DE-98F9-3AE5CC51C3B8}.Release|Any CPU.ActiveCfg = Release|Any CPU
		{2A57CE3F-930A-45DE-98F9-3AE5CC51C3B8}.Release|Any CPU.Build.0 = Release|Any CPU
		{ACCD0389-98A0-4CF6-952C-DB74981B87DD}.Debug|Any CPU.ActiveCfg = Debug|Any CPU
		{ACCD0389-98A0-4CF6-952C-DB74981B87DD}.Debug|Any CPU.Build.0 = Debug|Any CPU
		{ACCD0389-98A0-4CF6-952C-DB74981B87DD}.Release|Any CPU.ActiveCfg = Release|Any CPU
		{ACCD0389-98A0-4CF6-952C-DB74981B87DD}.Release|Any CPU.Build.0 = Release|Any CPU
		{52C69C66-83A3-4751-8071-5415BD3B0940}.Debug|Any CPU.ActiveCfg = Debug|Any CPU
		{52C69C66-83A3-4751-8071-5415BD3B0940}.Debug|Any CPU.Build.0 = Debug|Any CPU
		{52C69C66-83A3-4751-8071-5415BD3B0940}.Release|Any CPU.ActiveCfg = Release|Any CPU
		{52C69C66-83A3-4751-8071-5415BD3B0940}.Release|Any CPU.Build.0 = Release|Any CPU
	EndGlobalSection
EndGlobal
